
Microsoft Visual Studio Solution File, Format Version 12.00
# Visual Studio Version 16
VisualStudioVersion = 16.0.810.23
MinimumVisualStudioVersion = 10.0.40219.1
Project("{FAE04EC0-301F-11D3-BF4B-00C04F79EFBC}") = "Switch-Case", "Switch-Case\Switch-Case.csproj", "{FC4A5C81-AAAF-400D-901B-2771512307EC}"
EndProject
Global
	GlobalSection(SolutionConfigurationPlatforms) = preSolution
		Debug|anycpu = Debug|anycpu
		Release|anycpu = Release|anycpu
	EndGlobalSection
	GlobalSection(ProjectConfigurationPlatforms) = postSolution
		{FC4A5C81-AAAF-400D-901B-2771512307EC}.Debug|anycpu.ActiveCfg = Debug|anycpu
		{FC4A5C81-AAAF-400D-901B-2771512307EC}.Debug|anycpu.Build.0 = Debug|anycpu
		{FC4A5C81-AAAF-400D-901B-2771512307EC}.Release|anycpu.ActiveCfg = Release|anycpu
		{FC4A5C81-AAAF-400D-901B-2771512307EC}.Release|anycpu.Build.0 = Release|anycpu
	EndGlobalSection
	GlobalSection(SolutionProperties) = preSolution
		HideSolutionNode = FALSE
	EndGlobalSection
	GlobalSection(ExtensibilityGlobals) = postSolution
		SolutionGuid = {CD31CBAA-BCC2-433C-A1CD-14F050109CE1}
	EndGlobalSection
EndGlobal
